<Solution>
  <Folder Name="/Solution Items/">
    <File Path="docker-compose.yaml" />
  </Folder>
  <Folder Name="/Solution Items/docs/" />
  <Folder Name="/Solution Items/docs/adr/">
    <File Path="docs/adr/0001-software-intention.md" />
    <File Path="docs/adr/0002-code-design-and-architecture.md" />
    <File Path="docs/adr/0003-db-relational-modeling.md" />
    <File Path="docs/adr/0004-scripts-for-base-case.md" />
  </Folder>
  <Project Path="StudioSync.Bookings/StudioSync.Bookings.csproj" />
  <Project Path="StudioSync/StudioSync.csproj" />
</Solution>
